
Microsoft Visual Studio Solution File, Format Version 12.00
# Visual Studio Version 17
VisualStudioVersion = 17.13.35828.75 d17.13
MinimumVisualStudioVersion = 10.0.40219.1
Project("{FAE04EC0-301F-11D3-BF4B-00C04F79EFBC}") = "Jogo da Adivinhacao", "Jogo da Adivinhacao\Jogo da Adivinhacao.csproj", "{2ADB5551-547C-4C92-B4D8-4579C0CE2844}"
EndProject
Global
	GlobalSection(SolutionConfigurationPlatforms) = preSolution
		Debug|Any CPU = Debug|Any CPU
		Release|Any CPU = Release|Any CPU
	EndGlobalSection
	GlobalSection(ProjectConfigurationPlatforms) = postSolution
		{2ADB5551-547C-4C92-B4D8-4579C0CE2844}.Debug|Any CPU.ActiveCfg = Debug|Any CPU
		{2ADB5551-547C-4C92-B4D8-4579C0CE2844}.Debug|Any CPU.Build.0 = Debug|Any CPU
		{2ADB5551-547C-4C92-B4D8-4579C0CE2844}.Release|Any CPU.ActiveCfg = Release|Any CPU
		{2ADB5551-547C-4C92-B4D8-4579C0CE2844}.Release|Any CPU.Build.0 = Release|Any CPU
	EndGlobalSection
	GlobalSection(SolutionProperties) = preSolution
		HideSolutionNode = FALSE
	EndGlobalSection
	GlobalSection(ExtensibilityGlobals) = postSolution
		SolutionGuid = {FC0C5D33-8848-4AE6-8895-3C6F848757B6}
	EndGlobalSection
EndGlobal
